# THIS IS AN AUTOGENERATED FILE. DO NOT EDIT THIS FILE DIRECTLY.
# yarn lockfile v1


ci-info@^1.5.0:
  version "1.6.0"
  resolved "https://registry.yarnpkg.com/ci-info/-/ci-info-1.6.0.tgz#2ca20dbb9ceb32d4524a683303313f0304b1e497"

emitter-listener@^1.0.1:
  version "1.1.2"
  resolved "https://registry.yarnpkg.com/emitter-listener/-/emitter-listener-1.1.2.tgz#56b140e8f6992375b3d7cb2cab1cc7432d9632e8"
  dependencies:
    shimmer "^1.2.0"

is-ci@^1.0.7:
  version "1.2.1"
  resolved "https://registry.yarnpkg.com/is-ci/-/is-ci-1.2.1.tgz#e3779c8ee17fccf428488f6e281187f2e632841c"
  dependencies:
    ci-info "^1.5.0"

mockery@^1.4.0:
  version "1.7.0"
  resolved "https://registry.yarnpkg.com/mockery/-/mockery-1.7.0.tgz#f4ede0d8750c1c9727c272ea2c60629e2c9a1c4f"

shimmer@^1.2.0:
  version "1.2.1"
  resolved "https://registry.yarnpkg.com/shimmer/-/shimmer-1.2.1.tgz#610859f7de327b587efebf501fb43117f9aff337"

volkswagen@^1.4.2:
  version "1.4.2"
  resolved "https://registry.yarnpkg.com/volkswagen/-/volkswagen-1.4.2.tgz#7f2187796beaca9933b052c208aa8c844f624ee6"
  dependencies:
    emitter-listener "^1.0.1"
    is-ci "^1.0.7"
    mockery "^1.4.0"
